
Microsoft Visual Studio Solution File, Format Version 12.00
# Visual Studio Version 17
VisualStudioVersion = 17.13.35825.156 d17.13
MinimumVisualStudioVersion = 10.0.40219.1
Project("{FAE04EC0-301F-11D3-BF4B-00C04F79EFBC}") = "GUI", "GUI\GUI.csproj", "{D279D8AD-7739-4E26-975E-801F749FD656}"
EndProject
Project("{FAE04EC0-301F-11D3-BF4B-00C04F79EFBC}") = "DAO", "DAO\DAO.csproj", "{71BC8F9C-B944-4F15-ADD2-5B10B4F49A63}"
EndProject
Project("{FAE04EC0-301F-11D3-BF4B-00C04F79EFBC}") = "EL", "EL\EL.csproj", "{E5C30856-1172-4053-BD2A-CE4C96902F31}"
EndProject
Project("{FAE04EC0-301F-11D3-BF4B-00C04F79EFBC}") = "BLL", "BLL\BLL.csproj", "{49A52B58-099E-4E96-BDDB-DE554F3115EB}"
EndProject
Global
	GlobalSection(SolutionConfigurationPlatforms) = preSolution
		Debug|Any CPU = Debug|Any CPU
		Release|Any CPU = Release|Any CPU
	EndGlobalSection
	GlobalSection(ProjectConfigurationPlatforms) = postSolution
		{D279D8AD-7739-4E26-975E-801F749FD656}.Debug|Any CPU.ActiveCfg = Debug|Any CPU
		{D279D8AD-7739-4E26-975E-801F749FD656}.Debug|Any CPU.Build.0 = Debug|Any CPU
		{D279D8AD-7739-4E26-975E-801F749FD656}.Release|Any CPU.ActiveCfg = Release|Any CPU
		{D279D8AD-7739-4E26-975E-801F749FD656}.Release|Any CPU.Build.0 = Release|Any CPU
		{71BC8F9C-B944-4F15-ADD2-5B10B4F49A63}.Debug|Any CPU.ActiveCfg = Debug|Any CPU
		{71BC8F9C-B944-4F15-ADD2-5B10B4F49A63}.Debug|Any CPU.Build.0 = Debug|Any CPU
		{71BC8F9C-B944-4F15-ADD2-5B10B4F49A63}.Release|Any CPU.ActiveCfg = Release|Any CPU
		{71BC8F9C-B944-4F15-ADD2-5B10B4F49A63}.Release|Any CPU.Build.0 = Release|Any CPU
		{E5C30856-1172-4053-BD2A-CE4C96902F31}.Debug|Any CPU.ActiveCfg = Debug|Any CPU
		{E5C30856-1172-4053-BD2A-CE4C96902F31}.Debug|Any CPU.Build.0 = Debug|Any CPU
		{E5C30856-1172-4053-BD2A-CE4C96902F31}.Release|Any CPU.ActiveCfg = Release|Any CPU
		{E5C30856-1172-4053-BD2A-CE4C96902F31}.Release|Any CPU.Build.0 = Release|Any CPU
		{49A52B58-099E-4E96-BDDB-DE554F3115EB}.Debug|Any CPU.ActiveCfg = Debug|Any CPU
		{49A52B58-099E-4E96-BDDB-DE554F3115EB}.Debug|Any CPU.Build.0 = Debug|Any CPU
		{49A52B58-099E-4E96-BDDB-DE554F3115EB}.Release|Any CPU.ActiveCfg = Release|Any CPU
		{49A52B58-099E-4E96-BDDB-DE554F3115EB}.Release|Any CPU.Build.0 = Release|Any CPU
	EndGlobalSection
	GlobalSection(SolutionProperties) = preSolution
		HideSolutionNode = FALSE
	EndGlobalSection
	GlobalSection(ExtensibilityGlobals) = postSolution
		SolutionGuid = {87FE69D9-ADED-4CE6-92C1-BE243017C3B9}
	EndGlobalSection
EndGlobal
